{
  "requires": true,
  "lockfileVersion": 1,
  "dependencies": {
    "browser-router": {
      "version": "0.2.0",
      "resolved": "https://registry.npmjs.org/browser-router/-/browser-router-0.2.0.tgz",
      "integrity": "sha512-lBmEZSXzhwO7q12kv0o4/WO6bVayqeHd2ZP0cCszeD9xTEC2fAM+U5BBKG+4yqJHqW//ua+olgPhEWETVjynGQ==",
      "requires": {
        "query-string": "~0.1.1",
        "underscore": "~1.5.2"
      }
    },
    "query-string": {
      "version": "0.1.1",
      "resolved": "https://registry.npmjs.org/query-string/-/query-string-0.1.1.tgz",
      "integrity": "sha512-SQ/K9KUsAl2bnieZV2mddfJkw/ea1W6K7zL9dNrpFrE8pkVNXf+AjgvJ4DOjRZ2IrINkPsqwV6x+k0gaVhMFfQ=="
    },
    "underscore": {
      "version": "1.5.2",
      "resolved": "https://registry.npmjs.org/underscore/-/underscore-1.5.2.tgz",
      "integrity": "sha512-yejOFsRnTJs0N9CK5Apzf6maDO2djxGoLLrlZlvGs2o9ZQuhIhDL18rtFyy4FBIbOkzA6+4hDgXbgz5EvDQCXQ=="
    }
  }
}
