{
  "requires": true,
  "lockfileVersion": 1,
  "dependencies": {
    "@remix-run/router": {
      "version": "1.0.3",
      "resolved": "https://registry.npmjs.org/@remix-run/router/-/router-1.0.3.tgz",
      "integrity": "sha512-ceuyTSs7PZ/tQqi19YZNBc5X7kj1f8p+4DIyrcIYFY9h+hd1OKm4RqtiWldR9eGEvIiJfsqwM4BsuCtRIuEw6Q=="
    },
    "browser-router": {
      "version": "0.2.0",
      "resolved": "https://registry.npmjs.org/browser-router/-/browser-router-0.2.0.tgz",
      "integrity": "sha512-lBmEZSXzhwO7q12kv0o4/WO6bVayqeHd2ZP0cCszeD9xTEC2fAM+U5BBKG+4yqJHqW//ua+olgPhEWETVjynGQ==",
      "requires": {
        "query-string": "~0.1.1",
        "underscore": "~1.5.2"
      }
    },
    "query-string": {
      "version": "0.1.1",
      "resolved": "https://registry.npmjs.org/query-string/-/query-string-0.1.1.tgz",
      "integrity": "sha512-SQ/K9KUsAl2bnieZV2mddfJkw/ea1W6K7zL9dNrpFrE8pkVNXf+AjgvJ4DOjRZ2IrINkPsqwV6x+k0gaVhMFfQ=="
    },
    "react-router": {
      "version": "6.4.3",
      "resolved": "https://registry.npmjs.org/react-router/-/react-router-6.4.3.tgz",
      "integrity": "sha512-BT6DoGn6aV1FVP5yfODMOiieakp3z46P1Fk0RNzJMACzE7C339sFuHebfvWtnB4pzBvXXkHP2vscJzWRuUjTtA==",
      "requires": {
        "@remix-run/router": "1.0.3"
      }
    },
    "react-router-dom": {
      "version": "6.4.3",
      "resolved": "https://registry.npmjs.org/react-router-dom/-/react-router-dom-6.4.3.tgz",
      "integrity": "sha512-MiaYQU8CwVCaOfJdYvt84KQNjT78VF0TJrA17SIQgNHRvLnXDJO6qsFqq8F/zzB1BWZjCFIrQpu4QxcshitziQ==",
      "requires": {
        "@remix-run/router": "1.0.3",
        "react-router": "6.4.3"
      }
    },
    "underscore": {
      "version": "1.5.2",
      "resolved": "https://registry.npmjs.org/underscore/-/underscore-1.5.2.tgz",
      "integrity": "sha512-yejOFsRnTJs0N9CK5Apzf6maDO2djxGoLLrlZlvGs2o9ZQuhIhDL18rtFyy4FBIbOkzA6+4hDgXbgz5EvDQCXQ=="
    }
  }
}
