{
  "requires": true,
  "lockfileVersion": 1,
  "dependencies": {
    "react-icons": {
      "version": "4.6.0",
      "resolved": "https://registry.npmjs.org/react-icons/-/react-icons-4.6.0.tgz",
      "integrity": "sha512-rR/L9m9340yO8yv1QT1QurxWQvWpbNHqVX0fzMln2HEb9TEIrQRGsqiNFQfiv9/JEUbyHmHPlNTB2LWm2Ttz0g=="
    }
  }
}
